
Microsoft Visual Studio Solution File, Format Version 12.00
# Visual Studio Version 16
VisualStudioVersion = 16.0.29123.89
MinimumVisualStudioVersion = 10.0.40219.1
Project("{FAE04EC0-301F-11D3-BF4B-00C04F79EFBC}") = "Enliven", "Enliven\Enliven.csproj", "{E2448BB5-9F9A-405B-AEAE-6B26CE9A06F1}"
EndProject
Project("{FAE04EC0-301F-11D3-BF4B-00C04F79EFBC}") = "Common", "Common\Common.csproj", "{8EFA1F35-A824-4153-89D4-9FCD6DB4ED7B}"
EndProject
Project("{FAE04EC0-301F-11D3-BF4B-00C04F79EFBC}") = "Enliven.Tests", "Enliven.Tests\Enliven.Tests.csproj", "{741BF6B4-BC9C-4605-A4A3-0AE1823EC074}"
EndProject
Project("{2150E333-8FDC-42A3-9474-1A3956D46DE8}") = "!Solution Items", "!Solution Items", "{85DA78FC-0A3B-44CD-9FC5-7A83379B699B}"
	ProjectSection(SolutionItems) = preProject
		Directory.Packages.props = Directory.Packages.props
	EndProjectSection
EndProject
Project("{FAE04EC0-301F-11D3-BF4B-00C04F79EFBC}") = "Lavalink4NET.InactivityTracking", "Lavalink4NET.InactivityTracking\Lavalink4NET.InactivityTracking.csproj", "{5D9113C3-C9A3-4802-82C6-30CEA0896A68}"
EndProject
Global
	GlobalSection(SolutionConfigurationPlatforms) = preSolution
		Debug|Any CPU = Debug|Any CPU
		Release|Any CPU = Release|Any CPU
	EndGlobalSection
	GlobalSection(ProjectConfigurationPlatforms) = postSolution
		{E2448BB5-9F9A-405B-AEAE-6B26CE9A06F1}.Debug|Any CPU.ActiveCfg = Debug|Any CPU
		{E2448BB5-9F9A-405B-AEAE-6B26CE9A06F1}.Debug|Any CPU.Build.0 = Debug|Any CPU
		{E2448BB5-9F9A-405B-AEAE-6B26CE9A06F1}.Release|Any CPU.ActiveCfg = Release|Any CPU
		{E2448BB5-9F9A-405B-AEAE-6B26CE9A06F1}.Release|Any CPU.Build.0 = Release|Any CPU
		{8EFA1F35-A824-4153-89D4-9FCD6DB4ED7B}.Debug|Any CPU.ActiveCfg = Debug|Any CPU
		{8EFA1F35-A824-4153-89D4-9FCD6DB4ED7B}.Debug|Any CPU.Build.0 = Debug|Any CPU
		{8EFA1F35-A824-4153-89D4-9FCD6DB4ED7B}.Release|Any CPU.ActiveCfg = Release|Any CPU
		{8EFA1F35-A824-4153-89D4-9FCD6DB4ED7B}.Release|Any CPU.Build.0 = Release|Any CPU
		{741BF6B4-BC9C-4605-A4A3-0AE1823EC074}.Debug|Any CPU.ActiveCfg = Debug|Any CPU
		{741BF6B4-BC9C-4605-A4A3-0AE1823EC074}.Debug|Any CPU.Build.0 = Debug|Any CPU
		{741BF6B4-BC9C-4605-A4A3-0AE1823EC074}.Release|Any CPU.ActiveCfg = Release|Any CPU
		{741BF6B4-BC9C-4605-A4A3-0AE1823EC074}.Release|Any CPU.Build.0 = Release|Any CPU
		{5D9113C3-C9A3-4802-82C6-30CEA0896A68}.Debug|Any CPU.ActiveCfg = Debug|Any CPU
		{5D9113C3-C9A3-4802-82C6-30CEA0896A68}.Debug|Any CPU.Build.0 = Debug|Any CPU
		{5D9113C3-C9A3-4802-82C6-30CEA0896A68}.Release|Any CPU.ActiveCfg = Release|Any CPU
		{5D9113C3-C9A3-4802-82C6-30CEA0896A68}.Release|Any CPU.Build.0 = Release|Any CPU
	EndGlobalSection
	GlobalSection(SolutionProperties) = preSolution
		HideSolutionNode = FALSE
	EndGlobalSection
	GlobalSection(ExtensibilityGlobals) = postSolution
		SolutionGuid = {0EF167BB-6BEA-4315-B78F-B86321F58B34}
	EndGlobalSection
	GlobalSection(NestedProjects) = preSolution
	EndGlobalSection
EndGlobal
